
Microsoft Visual Studio Solution File, Format Version 12.00
# Visual Studio 15
VisualStudioVersion = 15.0.28307.645
MinimumVisualStudioVersion = 10.0.40219.1
Project("{8BC9CEB8-8B4A-11D0-8D11-00A0C91BC942}") = "Primo_Programma_conClassi", "Primo_Programma_conClassi\Primo_Programma_conClassi.vcxproj", "{6DE36979-3040-4741-B770-F43A1A2E6B75}"
EndProject
Global
	GlobalSection(SolutionConfigurationPlatforms) = preSolution
		Debug|x64 = Debug|x64
		Debug|x86 = Debug|x86
		Release|x64 = Release|x64
		Release|x86 = Release|x86
	EndGlobalSection
	GlobalSection(ProjectConfigurationPlatforms) = postSolution
		{6DE36979-3040-4741-B770-F43A1A2E6B75}.Debug|x64.ActiveCfg = Debug|x64
		{6DE36979-3040-4741-B770-F43A1A2E6B75}.Debug|x64.Build.0 = Debug|x64
		{6DE36979-3040-4741-B770-F43A1A2E6B75}.Debug|x86.ActiveCfg = Debug|Win32
		{6DE36979-3040-4741-B770-F43A1A2E6B75}.Debug|x86.Build.0 = Debug|Win32
		{6DE36979-3040-4741-B770-F43A1A2E6B75}.Release|x64.ActiveCfg = Release|x64
		{6DE36979-3040-4741-B770-F43A1A2E6B75}.Release|x64.Build.0 = Release|x64
		{6DE36979-3040-4741-B770-F43A1A2E6B75}.Release|x86.ActiveCfg = Release|Win32
		{6DE36979-3040-4741-B770-F43A1A2E6B75}.Release|x86.Build.0 = Release|Win32
	EndGlobalSection
	GlobalSection(SolutionProperties) = preSolution
		HideSolutionNode = FALSE
	EndGlobalSection
	GlobalSection(ExtensibilityGlobals) = postSolution
		SolutionGuid = {7F6A5730-50D8-461D-9E46-34B3ED0ADF09}
	EndGlobalSection
EndGlobal
